
Microsoft Visual Studio Solution File, Format Version 12.00
# Visual Studio Version 16
VisualStudioVersion = 16.0.31321.278
MinimumVisualStudioVersion = 10.0.40219.1
Project("{FAE04EC0-301F-11D3-BF4B-00C04F79EFBC}") = "pipeline", "pipeline\pipeline.csproj", "{BEA47633-C5E3-4AD5-94DF-2324147E8FB4}"
EndProject
Global
	GlobalSection(SolutionConfigurationPlatforms) = preSolution
		Debug|Any CPU = Debug|Any CPU
		Release|Any CPU = Release|Any CPU
	EndGlobalSection
	GlobalSection(ProjectConfigurationPlatforms) = postSolution
		{BEA47633-C5E3-4AD5-94DF-2324147E8FB4}.Debug|Any CPU.ActiveCfg = Debug|Any CPU
		{BEA47633-C5E3-4AD5-94DF-2324147E8FB4}.Debug|Any CPU.Build.0 = Debug|Any CPU
		{BEA47633-C5E3-4AD5-94DF-2324147E8FB4}.Release|Any CPU.ActiveCfg = Release|Any CPU
		{BEA47633-C5E3-4AD5-94DF-2324147E8FB4}.Release|Any CPU.Build.0 = Release|Any CPU
	EndGlobalSection
	GlobalSection(SolutionProperties) = preSolution
		HideSolutionNode = FALSE
	EndGlobalSection
	GlobalSection(ExtensibilityGlobals) = postSolution
		SolutionGuid = {2EDACF73-0F73-498F-996A-F611B27CB3EB}
	EndGlobalSection
EndGlobal
